
Microsoft Visual Studio Solution File, Format Version 12.00
# Visual Studio Version 17
VisualStudioVersion = 17.10.35013.160
MinimumVisualStudioVersion = 10.0.40219.1
Project("{9A19103F-16F7-4668-BE54-9A1E7A4F7556}") = "FileOrganizer", "FileOrganizer\FileOrganizer.csproj", "{37F6C474-32E7-401B-950E-7682E282FA7B}"
EndProject
Project("{9A19103F-16F7-4668-BE54-9A1E7A4F7556}") = "FileOrganizer.Database", "FileOrganizer.Database\FileOrganizer.Database.csproj", "{1D8B51BE-F0BE-47AD-A4E6-4B4F742C5B8C}"
EndProject
Project("{9A19103F-16F7-4668-BE54-9A1E7A4F7556}") = "FileOrganizer.Shared", "FileOrganizer.Shared\FileOrganizer.Shared.csproj", "{DCBC37DC-FB0B-4C27-BC6B-41C04CA12E3C}"
EndProject
Project("{9A19103F-16F7-4668-BE54-9A1E7A4F7556}") = "FileOrganizer.DataExtractor", "FileOrganizer.DataExtractor\FileOrganizer.DataExtractor.csproj", "{A3A7A5D3-AED0-4F92-AF32-8A4C4517DCDA}"
EndProject
Project("{FAE04EC0-301F-11D3-BF4B-00C04F79EFBC}") = "FileOrganizer.Tests", "FileOrganizer.Tests\FileOrganizer.Tests.csproj", "{D4C59F3D-812F-4601-8C00-F0ECD451919E}"
EndProject
Global
	GlobalSection(SolutionConfigurationPlatforms) = preSolution
		Debug|Any CPU = Debug|Any CPU
		Release|Any CPU = Release|Any CPU
	EndGlobalSection
	GlobalSection(ProjectConfigurationPlatforms) = postSolution
		{37F6C474-32E7-401B-950E-7682E282FA7B}.Debug|Any CPU.ActiveCfg = Debug|Any CPU
		{37F6C474-32E7-401B-950E-7682E282FA7B}.Debug|Any CPU.Build.0 = Debug|Any CPU
		{37F6C474-32E7-401B-950E-7682E282FA7B}.Release|Any CPU.ActiveCfg = Release|Any CPU
		{37F6C474-32E7-401B-950E-7682E282FA7B}.Release|Any CPU.Build.0 = Release|Any CPU
		{1D8B51BE-F0BE-47AD-A4E6-4B4F742C5B8C}.Debug|Any CPU.ActiveCfg = Debug|Any CPU
		{1D8B51BE-F0BE-47AD-A4E6-4B4F742C5B8C}.Debug|Any CPU.Build.0 = Debug|Any CPU
		{1D8B51BE-F0BE-47AD-A4E6-4B4F742C5B8C}.Release|Any CPU.ActiveCfg = Release|Any CPU
		{1D8B51BE-F0BE-47AD-A4E6-4B4F742C5B8C}.Release|Any CPU.Build.0 = Release|Any CPU
		{DCBC37DC-FB0B-4C27-BC6B-41C04CA12E3C}.Debug|Any CPU.ActiveCfg = Debug|Any CPU
		{DCBC37DC-FB0B-4C27-BC6B-41C04CA12E3C}.Debug|Any CPU.Build.0 = Debug|Any CPU
		{DCBC37DC-FB0B-4C27-BC6B-41C04CA12E3C}.Release|Any CPU.ActiveCfg = Release|Any CPU
		{DCBC37DC-FB0B-4C27-BC6B-41C04CA12E3C}.Release|Any CPU.Build.0 = Release|Any CPU
		{A3A7A5D3-AED0-4F92-AF32-8A4C4517DCDA}.Debug|Any CPU.ActiveCfg = Debug|Any CPU
		{A3A7A5D3-AED0-4F92-AF32-8A4C4517DCDA}.Debug|Any CPU.Build.0 = Debug|Any CPU
		{A3A7A5D3-AED0-4F92-AF32-8A4C4517DCDA}.Release|Any CPU.ActiveCfg = Release|Any CPU
		{A3A7A5D3-AED0-4F92-AF32-8A4C4517DCDA}.Release|Any CPU.Build.0 = Release|Any CPU
		{D4C59F3D-812F-4601-8C00-F0ECD451919E}.Debug|Any CPU.ActiveCfg = Debug|Any CPU
		{D4C59F3D-812F-4601-8C00-F0ECD451919E}.Debug|Any CPU.Build.0 = Debug|Any CPU
		{D4C59F3D-812F-4601-8C00-F0ECD451919E}.Release|Any CPU.ActiveCfg = Release|Any CPU
		{D4C59F3D-812F-4601-8C00-F0ECD451919E}.Release|Any CPU.Build.0 = Release|Any CPU
	EndGlobalSection
	GlobalSection(SolutionProperties) = preSolution
		HideSolutionNode = FALSE
	EndGlobalSection
	GlobalSection(ExtensibilityGlobals) = postSolution
		SolutionGuid = {7B9A17F9-B8AC-4C3A-8F96-7BB006345ED1}
	EndGlobalSection
EndGlobal
